
Microsoft Visual Studio Solution File, Format Version 12.00
# Visual Studio Version 16
VisualStudioVersion = 16.0.29215.179
MinimumVisualStudioVersion = 10.0.40219.1
Project("{FAE04EC0-301F-11D3-BF4B-00C04F79EFBC}") = "TheDuckDuck", "TheDuckDuck\TheDuckDuck.csproj", "{45CD8D35-A7AF-43DA-87A6-EC7A8EBFDAC5}"
EndProject
Global
	GlobalSection(SolutionConfigurationPlatforms) = preSolution
		Debug|Any CPU = Debug|Any CPU
		Release|Any CPU = Release|Any CPU
	EndGlobalSection
	GlobalSection(ProjectConfigurationPlatforms) = postSolution
		{45CD8D35-A7AF-43DA-87A6-EC7A8EBFDAC5}.Debug|Any CPU.ActiveCfg = Debug|Any CPU
		{45CD8D35-A7AF-43DA-87A6-EC7A8EBFDAC5}.Debug|Any CPU.Build.0 = Debug|Any CPU
		{45CD8D35-A7AF-43DA-87A6-EC7A8EBFDAC5}.Release|Any CPU.ActiveCfg = Release|Any CPU
		{45CD8D35-A7AF-43DA-87A6-EC7A8EBFDAC5}.Release|Any CPU.Build.0 = Release|Any CPU
	EndGlobalSection
	GlobalSection(SolutionProperties) = preSolution
		HideSolutionNode = FALSE
	EndGlobalSection
	GlobalSection(ExtensibilityGlobals) = postSolution
		SolutionGuid = {2A697F2C-6515-4692-B7A5-AD7BDF51445F}
	EndGlobalSection
EndGlobal
